
Microsoft Visual Studio Solution File, Format Version 12.00
# Visual Studio 15
VisualStudioVersion = 15.0.28307.852
MinimumVisualStudioVersion = 10.0.40219.1
Project("{FAE04EC0-301F-11D3-BF4B-00C04F79EFBC}") = "TrackerLibrary", "TrackerLibrary\TrackerLibrary.csproj", "{28C11DF6-9419-4017-8845-8DB79F2B4FFC}"
EndProject
Project("{FAE04EC0-301F-11D3-BF4B-00C04F79EFBC}") = "TrackerUI", "TrackerUI\TrackerUI.csproj", "{89EFED50-4A3C-4279-A3E9-1C08BA7CB6F5}"
EndProject
Global
	GlobalSection(SolutionConfigurationPlatforms) = preSolution
		Debug|Any CPU = Debug|Any CPU
		Release|Any CPU = Release|Any CPU
	EndGlobalSection
	GlobalSection(ProjectConfigurationPlatforms) = postSolution
		{28C11DF6-9419-4017-8845-8DB79F2B4FFC}.Debug|Any CPU.ActiveCfg = Debug|Any CPU
		{28C11DF6-9419-4017-8845-8DB79F2B4FFC}.Debug|Any CPU.Build.0 = Debug|Any CPU
		{28C11DF6-9419-4017-8845-8DB79F2B4FFC}.Release|Any CPU.ActiveCfg = Release|Any CPU
		{28C11DF6-9419-4017-8845-8DB79F2B4FFC}.Release|Any CPU.Build.0 = Release|Any CPU
		{89EFED50-4A3C-4279-A3E9-1C08BA7CB6F5}.Debug|Any CPU.ActiveCfg = Debug|Any CPU
		{89EFED50-4A3C-4279-A3E9-1C08BA7CB6F5}.Debug|Any CPU.Build.0 = Debug|Any CPU
		{89EFED50-4A3C-4279-A3E9-1C08BA7CB6F5}.Release|Any CPU.ActiveCfg = Release|Any CPU
		{89EFED50-4A3C-4279-A3E9-1C08BA7CB6F5}.Release|Any CPU.Build.0 = Release|Any CPU
	EndGlobalSection
	GlobalSection(SolutionProperties) = preSolution
		HideSolutionNode = FALSE
	EndGlobalSection
	GlobalSection(ExtensibilityGlobals) = postSolution
		SolutionGuid = {D10F787C-7F3A-479E-A40B-DA5D74EAD022}
	EndGlobalSection
EndGlobal
