
Microsoft Visual Studio Solution File, Format Version 12.00
# Visual Studio 15
VisualStudioVersion = 15.0.28307.852
MinimumVisualStudioVersion = 10.0.40219.1
Project("{FAE04EC0-301F-11D3-BF4B-00C04F79EFBC}") = "Assignment2", "Assignment2\Assignment2.csproj", "{FF5FFF0E-FC7A-40A0-A1DA-DBDF8E38AD66}"
EndProject
Global
	GlobalSection(SolutionConfigurationPlatforms) = preSolution
		Debug|Any CPU = Debug|Any CPU
		Release|Any CPU = Release|Any CPU
	EndGlobalSection
	GlobalSection(ProjectConfigurationPlatforms) = postSolution
		{FF5FFF0E-FC7A-40A0-A1DA-DBDF8E38AD66}.Debug|Any CPU.ActiveCfg = Debug|Any CPU
		{FF5FFF0E-FC7A-40A0-A1DA-DBDF8E38AD66}.Debug|Any CPU.Build.0 = Debug|Any CPU
		{FF5FFF0E-FC7A-40A0-A1DA-DBDF8E38AD66}.Release|Any CPU.ActiveCfg = Release|Any CPU
		{FF5FFF0E-FC7A-40A0-A1DA-DBDF8E38AD66}.Release|Any CPU.Build.0 = Release|Any CPU
	EndGlobalSection
	GlobalSection(SolutionProperties) = preSolution
		HideSolutionNode = FALSE
	EndGlobalSection
	GlobalSection(ExtensibilityGlobals) = postSolution
		SolutionGuid = {8BE63DAE-8F57-4B97-AA4F-493904E77F6F}
	EndGlobalSection
EndGlobal
