
Microsoft Visual Studio Solution File, Format Version 12.00
# Visual Studio 15
VisualStudioVersion = 15.0.28307.852
MinimumVisualStudioVersion = 10.0.40219.1
Project("{FAE04EC0-301F-11D3-BF4B-00C04F79EFBC}") = "AccessModifiersInCSharp", "AccessModifiersInCSharp\AccessModifiersInCSharp.csproj", "{B42736A4-C731-494F-9EBB-7E809AE925ED}"
EndProject
Global
	GlobalSection(SolutionConfigurationPlatforms) = preSolution
		Debug|Any CPU = Debug|Any CPU
		Release|Any CPU = Release|Any CPU
	EndGlobalSection
	GlobalSection(ProjectConfigurationPlatforms) = postSolution
		{B42736A4-C731-494F-9EBB-7E809AE925ED}.Debug|Any CPU.ActiveCfg = Debug|Any CPU
		{B42736A4-C731-494F-9EBB-7E809AE925ED}.Debug|Any CPU.Build.0 = Debug|Any CPU
		{B42736A4-C731-494F-9EBB-7E809AE925ED}.Release|Any CPU.ActiveCfg = Release|Any CPU
		{B42736A4-C731-494F-9EBB-7E809AE925ED}.Release|Any CPU.Build.0 = Release|Any CPU
	EndGlobalSection
	GlobalSection(SolutionProperties) = preSolution
		HideSolutionNode = FALSE
	EndGlobalSection
	GlobalSection(ExtensibilityGlobals) = postSolution
		SolutionGuid = {5B816092-16E5-46D8-BC1F-C53E1D650B30}
	EndGlobalSection
EndGlobal
