
Microsoft Visual Studio Solution File, Format Version 12.00
# Visual Studio 15
VisualStudioVersion = 15.0.28307.902
MinimumVisualStudioVersion = 10.0.40219.1
Project("{FAE04EC0-301F-11D3-BF4B-00C04F79EFBC}") = "OOP practice", "OOP practice\OOP practice.csproj", "{9C4B3C13-ECDC-463B-B6C1-451E17F77105}"
EndProject
Global
	GlobalSection(SolutionConfigurationPlatforms) = preSolution
		Debug|Any CPU = Debug|Any CPU
		Release|Any CPU = Release|Any CPU
	EndGlobalSection
	GlobalSection(ProjectConfigurationPlatforms) = postSolution
		{9C4B3C13-ECDC-463B-B6C1-451E17F77105}.Debug|Any CPU.ActiveCfg = Debug|Any CPU
		{9C4B3C13-ECDC-463B-B6C1-451E17F77105}.Debug|Any CPU.Build.0 = Debug|Any CPU
		{9C4B3C13-ECDC-463B-B6C1-451E17F77105}.Release|Any CPU.ActiveCfg = Release|Any CPU
		{9C4B3C13-ECDC-463B-B6C1-451E17F77105}.Release|Any CPU.Build.0 = Release|Any CPU
	EndGlobalSection
	GlobalSection(SolutionProperties) = preSolution
		HideSolutionNode = FALSE
	EndGlobalSection
	GlobalSection(ExtensibilityGlobals) = postSolution
		SolutionGuid = {D52DFA56-C8FD-49F3-A955-FAEFEA97D6DA}
	EndGlobalSection
EndGlobal
