
Microsoft Visual Studio Solution File, Format Version 12.00
# Visual Studio 15
VisualStudioVersion = 15.0.28307.852
MinimumVisualStudioVersion = 10.0.40219.1
Project("{FAE04EC0-301F-11D3-BF4B-00C04F79EFBC}") = "PropertiesInCSharp", "PropertiesInCSharp\PropertiesInCSharp.csproj", "{D3A0C9BF-D727-4D5C-8426-8586412C5005}"
EndProject
Global
	GlobalSection(SolutionConfigurationPlatforms) = preSolution
		Debug|Any CPU = Debug|Any CPU
		Release|Any CPU = Release|Any CPU
	EndGlobalSection
	GlobalSection(ProjectConfigurationPlatforms) = postSolution
		{D3A0C9BF-D727-4D5C-8426-8586412C5005}.Debug|Any CPU.ActiveCfg = Debug|Any CPU
		{D3A0C9BF-D727-4D5C-8426-8586412C5005}.Debug|Any CPU.Build.0 = Debug|Any CPU
		{D3A0C9BF-D727-4D5C-8426-8586412C5005}.Release|Any CPU.ActiveCfg = Release|Any CPU
		{D3A0C9BF-D727-4D5C-8426-8586412C5005}.Release|Any CPU.Build.0 = Release|Any CPU
	EndGlobalSection
	GlobalSection(SolutionProperties) = preSolution
		HideSolutionNode = FALSE
	EndGlobalSection
	GlobalSection(ExtensibilityGlobals) = postSolution
		SolutionGuid = {AF345822-F53C-44B9-B5F1-E046F8C7E5EB}
	EndGlobalSection
EndGlobal
