
Microsoft Visual Studio Solution File, Format Version 12.00
# Visual Studio 15
VisualStudioVersion = 15.0.28307.852
MinimumVisualStudioVersion = 10.0.40219.1
Project("{FAE04EC0-301F-11D3-BF4B-00C04F79EFBC}") = "NewLineCharacter", "newLineCharacter\NewLineCharacter.csproj", "{AFF3DB78-517C-4BB4-865D-00C15FF29EBC}"
EndProject
Global
	GlobalSection(SolutionConfigurationPlatforms) = preSolution
		Debug|Any CPU = Debug|Any CPU
		Release|Any CPU = Release|Any CPU
	EndGlobalSection
	GlobalSection(ProjectConfigurationPlatforms) = postSolution
		{AFF3DB78-517C-4BB4-865D-00C15FF29EBC}.Debug|Any CPU.ActiveCfg = Debug|Any CPU
		{AFF3DB78-517C-4BB4-865D-00C15FF29EBC}.Debug|Any CPU.Build.0 = Debug|Any CPU
		{AFF3DB78-517C-4BB4-865D-00C15FF29EBC}.Release|Any CPU.ActiveCfg = Release|Any CPU
		{AFF3DB78-517C-4BB4-865D-00C15FF29EBC}.Release|Any CPU.Build.0 = Release|Any CPU
	EndGlobalSection
	GlobalSection(SolutionProperties) = preSolution
		HideSolutionNode = FALSE
	EndGlobalSection
	GlobalSection(ExtensibilityGlobals) = postSolution
		SolutionGuid = {E8C0972C-52F6-4582-A4DB-8AAD1709F61A}
	EndGlobalSection
EndGlobal
