
Microsoft Visual Studio Solution File, Format Version 12.00
# Visual Studio 15
VisualStudioVersion = 15.0.28307.902
MinimumVisualStudioVersion = 10.0.40219.1
Project("{FAE04EC0-301F-11D3-BF4B-00C04F79EFBC}") = "userauthentication", "userauthentication\userauthentication.csproj", "{83E23E28-5109-4B94-BDE2-104312E1C31E}"
EndProject
Global
	GlobalSection(SolutionConfigurationPlatforms) = preSolution
		Debug|Any CPU = Debug|Any CPU
		Release|Any CPU = Release|Any CPU
	EndGlobalSection
	GlobalSection(ProjectConfigurationPlatforms) = postSolution
		{83E23E28-5109-4B94-BDE2-104312E1C31E}.Debug|Any CPU.ActiveCfg = Debug|Any CPU
		{83E23E28-5109-4B94-BDE2-104312E1C31E}.Debug|Any CPU.Build.0 = Debug|Any CPU
		{83E23E28-5109-4B94-BDE2-104312E1C31E}.Release|Any CPU.ActiveCfg = Release|Any CPU
		{83E23E28-5109-4B94-BDE2-104312E1C31E}.Release|Any CPU.Build.0 = Release|Any CPU
	EndGlobalSection
	GlobalSection(SolutionProperties) = preSolution
		HideSolutionNode = FALSE
	EndGlobalSection
	GlobalSection(ExtensibilityGlobals) = postSolution
		SolutionGuid = {CCAF7237-0EA1-4226-900D-4DE0BD23129D}
	EndGlobalSection
EndGlobal
