
Microsoft Visual Studio Solution File, Format Version 12.00
# Visual Studio 15
VisualStudioVersion = 15.0.28307.852
MinimumVisualStudioVersion = 10.0.40219.1
Project("{FAE04EC0-301F-11D3-BF4B-00C04F79EFBC}") = "studentInformationWithArray", "studentInformationWithArray\studentInformationWithArray.csproj", "{2FDC4CD2-0E80-44C4-BFEC-B56F6A1B279E}"
EndProject
Global
	GlobalSection(SolutionConfigurationPlatforms) = preSolution
		Debug|Any CPU = Debug|Any CPU
		Release|Any CPU = Release|Any CPU
	EndGlobalSection
	GlobalSection(ProjectConfigurationPlatforms) = postSolution
		{2FDC4CD2-0E80-44C4-BFEC-B56F6A1B279E}.Debug|Any CPU.ActiveCfg = Debug|Any CPU
		{2FDC4CD2-0E80-44C4-BFEC-B56F6A1B279E}.Debug|Any CPU.Build.0 = Debug|Any CPU
		{2FDC4CD2-0E80-44C4-BFEC-B56F6A1B279E}.Release|Any CPU.ActiveCfg = Release|Any CPU
		{2FDC4CD2-0E80-44C4-BFEC-B56F6A1B279E}.Release|Any CPU.Build.0 = Release|Any CPU
	EndGlobalSection
	GlobalSection(SolutionProperties) = preSolution
		HideSolutionNode = FALSE
	EndGlobalSection
	GlobalSection(ExtensibilityGlobals) = postSolution
		SolutionGuid = {DF25B83F-CDCE-4365-BB06-20109DA61259}
	EndGlobalSection
EndGlobal
