
Microsoft Visual Studio Solution File, Format Version 12.00
# Visual Studio 15
VisualStudioVersion = 15.0.28307.852
MinimumVisualStudioVersion = 10.0.40219.1
Project("{FAE04EC0-301F-11D3-BF4B-00C04F79EFBC}") = "StringInterpolation", "StringInterpolation\StringInterpolation.csproj", "{5CE612D4-AEC6-4DC2-8FE6-E001BB71950E}"
EndProject
Global
	GlobalSection(SolutionConfigurationPlatforms) = preSolution
		Debug|Any CPU = Debug|Any CPU
		Release|Any CPU = Release|Any CPU
	EndGlobalSection
	GlobalSection(ProjectConfigurationPlatforms) = postSolution
		{5CE612D4-AEC6-4DC2-8FE6-E001BB71950E}.Debug|Any CPU.ActiveCfg = Debug|Any CPU
		{5CE612D4-AEC6-4DC2-8FE6-E001BB71950E}.Debug|Any CPU.Build.0 = Debug|Any CPU
		{5CE612D4-AEC6-4DC2-8FE6-E001BB71950E}.Release|Any CPU.ActiveCfg = Release|Any CPU
		{5CE612D4-AEC6-4DC2-8FE6-E001BB71950E}.Release|Any CPU.Build.0 = Release|Any CPU
	EndGlobalSection
	GlobalSection(SolutionProperties) = preSolution
		HideSolutionNode = FALSE
	EndGlobalSection
	GlobalSection(ExtensibilityGlobals) = postSolution
		SolutionGuid = {2E5BC385-E103-4FEF-9273-A1E2190C776B}
	EndGlobalSection
EndGlobal
