
Microsoft Visual Studio Solution File, Format Version 12.00
# Visual Studio 15
VisualStudioVersion = 15.0.28307.852
MinimumVisualStudioVersion = 10.0.40219.1
Project("{FAE04EC0-301F-11D3-BF4B-00C04F79EFBC}") = "SpeedCamera", "SpeedCamera\SpeedCamera.csproj", "{43B2FA70-9989-4638-9B43-2F166D1CA279}"
EndProject
Global
	GlobalSection(SolutionConfigurationPlatforms) = preSolution
		Debug|Any CPU = Debug|Any CPU
		Release|Any CPU = Release|Any CPU
	EndGlobalSection
	GlobalSection(ProjectConfigurationPlatforms) = postSolution
		{43B2FA70-9989-4638-9B43-2F166D1CA279}.Debug|Any CPU.ActiveCfg = Debug|Any CPU
		{43B2FA70-9989-4638-9B43-2F166D1CA279}.Debug|Any CPU.Build.0 = Debug|Any CPU
		{43B2FA70-9989-4638-9B43-2F166D1CA279}.Release|Any CPU.ActiveCfg = Release|Any CPU
		{43B2FA70-9989-4638-9B43-2F166D1CA279}.Release|Any CPU.Build.0 = Release|Any CPU
	EndGlobalSection
	GlobalSection(SolutionProperties) = preSolution
		HideSolutionNode = FALSE
	EndGlobalSection
	GlobalSection(ExtensibilityGlobals) = postSolution
		SolutionGuid = {DAACA1A8-6180-420C-8C5B-6E7BB1D39ADC}
	EndGlobalSection
EndGlobal
