
Microsoft Visual Studio Solution File, Format Version 12.00
# Visual Studio 15
VisualStudioVersion = 15.0.28307.852
MinimumVisualStudioVersion = 10.0.40219.1
Project("{FAE04EC0-301F-11D3-BF4B-00C04F79EFBC}") = "TextBoxControl", "TextBoxControl\TextBoxControl.csproj", "{52CEB17E-572F-4A5C-8F49-AB1FF4F985FA}"
EndProject
Global
	GlobalSection(SolutionConfigurationPlatforms) = preSolution
		Debug|Any CPU = Debug|Any CPU
		Release|Any CPU = Release|Any CPU
	EndGlobalSection
	GlobalSection(ProjectConfigurationPlatforms) = postSolution
		{52CEB17E-572F-4A5C-8F49-AB1FF4F985FA}.Debug|Any CPU.ActiveCfg = Debug|Any CPU
		{52CEB17E-572F-4A5C-8F49-AB1FF4F985FA}.Debug|Any CPU.Build.0 = Debug|Any CPU
		{52CEB17E-572F-4A5C-8F49-AB1FF4F985FA}.Release|Any CPU.ActiveCfg = Release|Any CPU
		{52CEB17E-572F-4A5C-8F49-AB1FF4F985FA}.Release|Any CPU.Build.0 = Release|Any CPU
	EndGlobalSection
	GlobalSection(SolutionProperties) = preSolution
		HideSolutionNode = FALSE
	EndGlobalSection
	GlobalSection(ExtensibilityGlobals) = postSolution
		SolutionGuid = {E60C2612-7D2F-4A46-B7A4-9EAD90DFEB53}
	EndGlobalSection
EndGlobal
