
Microsoft Visual Studio Solution File, Format Version 12.00
# Visual Studio 15
VisualStudioVersion = 15.0.28307.852
MinimumVisualStudioVersion = 10.0.40219.1
Project("{FAE04EC0-301F-11D3-BF4B-00C04F79EFBC}") = "ValidationSummaryControl", "ValidationSummaryControl\ValidationSummaryControl.csproj", "{CBBD7200-79EF-4610-BE24-1A8DBF2F64D7}"
EndProject
Global
	GlobalSection(SolutionConfigurationPlatforms) = preSolution
		Debug|Any CPU = Debug|Any CPU
		Release|Any CPU = Release|Any CPU
	EndGlobalSection
	GlobalSection(ProjectConfigurationPlatforms) = postSolution
		{CBBD7200-79EF-4610-BE24-1A8DBF2F64D7}.Debug|Any CPU.ActiveCfg = Debug|Any CPU
		{CBBD7200-79EF-4610-BE24-1A8DBF2F64D7}.Debug|Any CPU.Build.0 = Debug|Any CPU
		{CBBD7200-79EF-4610-BE24-1A8DBF2F64D7}.Release|Any CPU.ActiveCfg = Release|Any CPU
		{CBBD7200-79EF-4610-BE24-1A8DBF2F64D7}.Release|Any CPU.Build.0 = Release|Any CPU
	EndGlobalSection
	GlobalSection(SolutionProperties) = preSolution
		HideSolutionNode = FALSE
	EndGlobalSection
	GlobalSection(ExtensibilityGlobals) = postSolution
		SolutionGuid = {E7045456-D4B1-4107-B392-7A65B76A7667}
	EndGlobalSection
EndGlobal
