
Microsoft Visual Studio Solution File, Format Version 12.00
# Visual Studio 15
VisualStudioVersion = 15.0.28307.852
MinimumVisualStudioVersion = 10.0.40219.1
Project("{FAE04EC0-301F-11D3-BF4B-00C04F79EFBC}") = "IterationStatements", "IterationStatements\IterationStatements.csproj", "{0D5699A1-05EE-41F5-934B-3079A64487AB}"
EndProject
Global
	GlobalSection(SolutionConfigurationPlatforms) = preSolution
		Debug|Any CPU = Debug|Any CPU
		Release|Any CPU = Release|Any CPU
	EndGlobalSection
	GlobalSection(ProjectConfigurationPlatforms) = postSolution
		{0D5699A1-05EE-41F5-934B-3079A64487AB}.Debug|Any CPU.ActiveCfg = Debug|Any CPU
		{0D5699A1-05EE-41F5-934B-3079A64487AB}.Debug|Any CPU.Build.0 = Debug|Any CPU
		{0D5699A1-05EE-41F5-934B-3079A64487AB}.Release|Any CPU.ActiveCfg = Release|Any CPU
		{0D5699A1-05EE-41F5-934B-3079A64487AB}.Release|Any CPU.Build.0 = Release|Any CPU
	EndGlobalSection
	GlobalSection(SolutionProperties) = preSolution
		HideSolutionNode = FALSE
	EndGlobalSection
	GlobalSection(ExtensibilityGlobals) = postSolution
		SolutionGuid = {E9FBAC82-2D99-4AE1-AEC2-1463C73975B4}
	EndGlobalSection
EndGlobal
