
Microsoft Visual Studio Solution File, Format Version 12.00
# Visual Studio 15
VisualStudioVersion = 15.0.28307.852
MinimumVisualStudioVersion = 10.0.40219.1
Project("{FAE04EC0-301F-11D3-BF4B-00C04F79EFBC}") = "Regular Expression Validation Check", "Regular Expression Validation Check\Regular Expression Validation Check.csproj", "{8B1CA6EB-B356-4736-92B1-C7C6979CB276}"
EndProject
Global
	GlobalSection(SolutionConfigurationPlatforms) = preSolution
		Debug|Any CPU = Debug|Any CPU
		Release|Any CPU = Release|Any CPU
	EndGlobalSection
	GlobalSection(ProjectConfigurationPlatforms) = postSolution
		{8B1CA6EB-B356-4736-92B1-C7C6979CB276}.Debug|Any CPU.ActiveCfg = Debug|Any CPU
		{8B1CA6EB-B356-4736-92B1-C7C6979CB276}.Debug|Any CPU.Build.0 = Debug|Any CPU
		{8B1CA6EB-B356-4736-92B1-C7C6979CB276}.Release|Any CPU.ActiveCfg = Release|Any CPU
		{8B1CA6EB-B356-4736-92B1-C7C6979CB276}.Release|Any CPU.Build.0 = Release|Any CPU
	EndGlobalSection
	GlobalSection(SolutionProperties) = preSolution
		HideSolutionNode = FALSE
	EndGlobalSection
	GlobalSection(ExtensibilityGlobals) = postSolution
		SolutionGuid = {C88AEF32-8023-46A3-98B9-FF4C6EBA4299}
	EndGlobalSection
EndGlobal
