
Microsoft Visual Studio Solution File, Format Version 12.00
# Visual Studio 15
VisualStudioVersion = 15.0.28307.852
MinimumVisualStudioVersion = 10.0.40219.1
Project("{FAE04EC0-301F-11D3-BF4B-00C04F79EFBC}") = "DownCastingExample", "DownCastingExample\DownCastingExample.csproj", "{D6843C57-86B5-4EA7-BBE3-C433451910ED}"
EndProject
Global
	GlobalSection(SolutionConfigurationPlatforms) = preSolution
		Debug|Any CPU = Debug|Any CPU
		Release|Any CPU = Release|Any CPU
	EndGlobalSection
	GlobalSection(ProjectConfigurationPlatforms) = postSolution
		{D6843C57-86B5-4EA7-BBE3-C433451910ED}.Debug|Any CPU.ActiveCfg = Debug|Any CPU
		{D6843C57-86B5-4EA7-BBE3-C433451910ED}.Debug|Any CPU.Build.0 = Debug|Any CPU
		{D6843C57-86B5-4EA7-BBE3-C433451910ED}.Release|Any CPU.ActiveCfg = Release|Any CPU
		{D6843C57-86B5-4EA7-BBE3-C433451910ED}.Release|Any CPU.Build.0 = Release|Any CPU
	EndGlobalSection
	GlobalSection(SolutionProperties) = preSolution
		HideSolutionNode = FALSE
	EndGlobalSection
	GlobalSection(ExtensibilityGlobals) = postSolution
		SolutionGuid = {F7163907-FC7A-4086-A10B-CB1F8587078C}
	EndGlobalSection
EndGlobal
