
Microsoft Visual Studio Solution File, Format Version 12.00
# Visual Studio 15
VisualStudioVersion = 15.0.28307.852
MinimumVisualStudioVersion = 10.0.40219.1
Project("{FAE04EC0-301F-11D3-BF4B-00C04F79EFBC}") = "IndexersInCSharp", "IndexersInCSharp\IndexersInCSharp.csproj", "{A389988F-66F6-4D08-BBD1-2998D8B7981C}"
EndProject
Global
	GlobalSection(SolutionConfigurationPlatforms) = preSolution
		Debug|Any CPU = Debug|Any CPU
		Release|Any CPU = Release|Any CPU
	EndGlobalSection
	GlobalSection(ProjectConfigurationPlatforms) = postSolution
		{A389988F-66F6-4D08-BBD1-2998D8B7981C}.Debug|Any CPU.ActiveCfg = Debug|Any CPU
		{A389988F-66F6-4D08-BBD1-2998D8B7981C}.Debug|Any CPU.Build.0 = Debug|Any CPU
		{A389988F-66F6-4D08-BBD1-2998D8B7981C}.Release|Any CPU.ActiveCfg = Release|Any CPU
		{A389988F-66F6-4D08-BBD1-2998D8B7981C}.Release|Any CPU.Build.0 = Release|Any CPU
	EndGlobalSection
	GlobalSection(SolutionProperties) = preSolution
		HideSolutionNode = FALSE
	EndGlobalSection
	GlobalSection(ExtensibilityGlobals) = postSolution
		SolutionGuid = {42B1BEA8-C522-4077-A4A4-34D1AC5AB572}
	EndGlobalSection
EndGlobal
